
Microsoft Visual Studio Solution File, Format Version 12.00
Project("{FAE04EC0-301F-11D3-BF4B-00C04F79EFBC}") = "LW2.5", "LW2.5\LW2.5.csproj", "{4EEB5DF3-C6F2-4813-9DE6-1B082C734349}"
EndProject
Global
	GlobalSection(SolutionConfigurationPlatforms) = preSolution
		Debug|Any CPU = Debug|Any CPU
		Release|Any CPU = Release|Any CPU
	EndGlobalSection
	GlobalSection(ProjectConfigurationPlatforms) = postSolution
		{4EEB5DF3-C6F2-4813-9DE6-1B082C734349}.Debug|Any CPU.ActiveCfg = Debug|Any CPU
		{4EEB5DF3-C6F2-4813-9DE6-1B082C734349}.Debug|Any CPU.Build.0 = Debug|Any CPU
		{4EEB5DF3-C6F2-4813-9DE6-1B082C734349}.Release|Any CPU.ActiveCfg = Release|Any CPU
		{4EEB5DF3-C6F2-4813-9DE6-1B082C734349}.Release|Any CPU.Build.0 = Release|Any CPU
	EndGlobalSection
EndGlobal
